
Microsoft Visual Studio Solution File, Format Version 12.00
# Visual Studio Version 16
VisualStudioVersion = 16.0.29509.3
MinimumVisualStudioVersion = 10.0.40219.1
Project("{8BC9CEB8-8B4A-11D0-8D11-00A0C91BC942}") = "Project", "Project.vcxproj", "{276EFECF-B89F-4B69-83BB-5004F2C1F7CD}"
EndProject
Global
	GlobalSection(SolutionConfigurationPlatforms) = preSolution
		Debug|x64 = Debug|x64
		Debug|x86 = Debug|x86
		Release|x64 = Release|x64
		Release|x86 = Release|x86
	EndGlobalSection
	GlobalSection(ProjectConfigurationPlatforms) = postSolution
		{276EFECF-B89F-4B69-83BB-5004F2C1F7CD}.Debug|x64.ActiveCfg = Debug|x64
		{276EFECF-B89F-4B69-83BB-5004F2C1F7CD}.Debug|x64.Build.0 = Debug|x64
		{276EFECF-B89F-4B69-83BB-5004F2C1F7CD}.Debug|x86.ActiveCfg = Debug|Win32
		{276EFECF-B89F-4B69-83BB-5004F2C1F7CD}.Debug|x86.Build.0 = Debug|Win32
		{276EFECF-B89F-4B69-83BB-5004F2C1F7CD}.Release|x64.ActiveCfg = Release|x64
		{276EFECF-B89F-4B69-83BB-5004F2C1F7CD}.Release|x64.Build.0 = Release|x64
		{276EFECF-B89F-4B69-83BB-5004F2C1F7CD}.Release|x86.ActiveCfg = Release|Win32
		{276EFECF-B89F-4B69-83BB-5004F2C1F7CD}.Release|x86.Build.0 = Release|Win32
	EndGlobalSection
	GlobalSection(SolutionProperties) = preSolution
		HideSolutionNode = FALSE
	EndGlobalSection
	GlobalSection(ExtensibilityGlobals) = postSolution
		SolutionGuid = {5EA4B930-A851-4D3A-9AA2-DAA44A059850}
	EndGlobalSection
EndGlobal
